{
  "version": 4,
  "terraform_version": "1.7.3",
  "serial": 453,
  "lineage": "b732a1f7-e3b7-25a0-3b93-72603cfc578e",
  "outputs": {
    "ec2": {
      "value": {
        "public_ip": [
          "IP V4: 13.228.206.188"
        ]
      },
      "type": [
        "object",
        {
          "public_ip": [
            "tuple",
            [
              "string"
            ]
          ]
        }
      ]
    }
  },
  "resources": [
    {
      "mode": "data",
      "type": "aws_availability_zones",
      "name": "Availability_Zones",
      "provider": "provider[\"registry.terraform.io/hashicorp/aws\"]",
      "instances": [
        {
          "schema_version": 0,
          "attributes": {
            "all_availability_zones": null,
            "exclude_names": null,
            "exclude_zone_ids": null,
            "filter": null,
            "group_names": [
              "ap-southeast-1"
            ],
            "id": "ap-southeast-1",
            "names": [
              "ap-southeast-1a",
              "ap-southeast-1b",
              "ap-southeast-1c"
            ],
            "state": null,
            "timeouts": null,
            "zone_ids": [
              "apse1-az2",
              "apse1-az1",
              "apse1-az3"
            ]
          },
          "sensitive_attributes": []
        }
      ]
    },
    {
      "module": "module.ec2",
      "mode": "managed",
      "type": "aws_eip",
      "name": "Elastic_IP_MyEC2InstancePublic",
      "provider": "provider[\"registry.terraform.io/hashicorp/aws\"]",
      "instances": [
        {
          "index_key": 0,
          "schema_version": 0,
          "attributes": {
            "address": null,
            "allocation_id": "eipalloc-0ddeccbabcf04ce4a",
            "associate_with_private_ip": null,
            "association_id": "eipassoc-0e75881bfc81d3cd5",
            "carrier_ip": "",
            "customer_owned_ip": "",
            "customer_owned_ipv4_pool": "",
            "domain": "vpc",
            "id": "eipalloc-0ddeccbabcf04ce4a",
            "instance": "i-054fdfd2e9ad7891a",
            "network_border_group": "ap-southeast-1",
            "network_interface": "eni-0dfbce03ab15aff60",
            "private_dns": "ip-10-0-48-101.ap-southeast-1.compute.internal",
            "private_ip": "10.0.48.101",
            "public_dns": "ec2-13-228-206-188.ap-southeast-1.compute.amazonaws.com",
            "public_ip": "13.228.206.188",
            "public_ipv4_pool": "amazon",
            "tags": {
              "Name": "MyEC2Instance-Elastic-IP"
            },
            "tags_all": {
              "Name": "MyEC2Instance-Elastic-IP"
            },
            "timeouts": null,
            "vpc": true
          },
          "sensitive_attributes": [],
          "private": "eyJlMmJmYjczMC1lY2FhLTExZTYtOGY4OC0zNDM2M2JjN2M0YzAiOnsiZGVsZXRlIjoxODAwMDAwMDAwMDAsInJlYWQiOjkwMDAwMDAwMDAwMCwidXBkYXRlIjozMDAwMDAwMDAwMDB9fQ==",
          "dependencies": [
            "data.aws_availability_zones.Availability_Zones",
            "module.ec2.aws_instance.MyEC2InstancePublic",
            "module.ssh.aws_key_pair.SSH_Key_Pair",
            "module.ssh.tls_private_key.Create_SSH_Key",
            "module.vpc.aws_security_group.Private_Security_Group",
            "module.vpc.aws_security_group.Public_Security_Group",
            "module.vpc.aws_subnet.Private_Subnet",
            "module.vpc.aws_subnet.Public_Subnet",
            "module.vpc.aws_vpc.MyVPC"
          ]
        }
      ]
    },
    {
      "module": "module.ec2",
      "mode": "managed",
      "type": "aws_instance",
      "name": "MyEC2InstancePrivate",
      "provider": "provider[\"registry.terraform.io/hashicorp/aws\"]",
      "instances": [
        {
          "index_key": 0,
          "schema_version": 1,
          "attributes": {
            "ami": "ami-0fa377108253bf620",
            "arn": "arn:aws:ec2:ap-southeast-1:047590809543:instance/i-0fe2b93a9ec6b3aed",
            "associate_public_ip_address": false,
            "availability_zone": "ap-southeast-1a",
            "capacity_reservation_specification": [
              {
                "capacity_reservation_preference": "open",
                "capacity_reservation_target": []
              }
            ],
            "cpu_core_count": 1,
            "cpu_options": [
              {
                "amd_sev_snp": "",
                "core_count": 1,
                "threads_per_core": 1
              }
            ],
            "cpu_threads_per_core": 1,
            "credit_specification": [
              {
                "cpu_credits": "standard"
              }
            ],
            "disable_api_stop": false,
            "disable_api_termination": false,
            "ebs_block_device": [],
            "ebs_optimized": false,
            "enclave_options": [
              {
                "enabled": false
              }
            ],
            "ephemeral_block_device": [],
            "get_password_data": false,
            "hibernation": false,
            "host_id": "",
            "host_resource_group_arn": null,
            "iam_instance_profile": "",
            "id": "i-0fe2b93a9ec6b3aed",
            "instance_initiated_shutdown_behavior": "stop",
            "instance_lifecycle": "",
            "instance_market_options": [],
            "instance_state": "running",
            "instance_type": "t2.micro",
            "ipv6_address_count": 0,
            "ipv6_addresses": [],
            "key_name": "mykey",
            "launch_template": [],
            "maintenance_options": [
              {
                "auto_recovery": "default"
              }
            ],
            "metadata_options": [
              {
                "http_endpoint": "enabled",
                "http_protocol_ipv6": "disabled",
                "http_put_response_hop_limit": 1,
                "http_tokens": "optional",
                "instance_metadata_tags": "disabled"
              }
            ],
            "monitoring": false,
            "network_interface": [],
            "outpost_arn": "",
            "password_data": "",
            "placement_group": "",
            "placement_partition_number": 0,
            "primary_network_interface_id": "eni-001348a2355b75615",
            "private_dns": "ip-10-0-15-8.ap-southeast-1.compute.internal",
            "private_dns_name_options": [
              {
                "enable_resource_name_dns_a_record": false,
                "enable_resource_name_dns_aaaa_record": false,
                "hostname_type": "ip-name"
              }
            ],
            "private_ip": "10.0.15.8",
            "public_dns": "",
            "public_ip": "",
            "root_block_device": [
              {
                "delete_on_termination": true,
                "device_name": "/dev/sda1",
                "encrypted": false,
                "iops": 100,
                "kms_key_id": "",
                "tags": {},
                "throughput": 0,
                "volume_id": "vol-071f95774cc914bbe",
                "volume_size": 8,
                "volume_type": "gp2"
              }
            ],
            "secondary_private_ips": [],
            "security_groups": [],
            "source_dest_check": true,
            "spot_instance_request_id": "",
            "subnet_id": "subnet-0cbd4adb68763be43",
            "tags": {
              "Name": "MyEC2Instance-0-Private"
            },
            "tags_all": {
              "Name": "MyEC2Instance-0-Private"
            },
            "tenancy": "default",
            "timeouts": null,
            "user_data": null,
            "user_data_base64": null,
            "user_data_replace_on_change": false,
            "volume_tags": null,
            "vpc_security_group_ids": [
              "sg-018e156f83c8c8239"
            ]
          },
          "sensitive_attributes": [],
          "private": "eyJlMmJmYjczMC1lY2FhLTExZTYtOGY4OC0zNDM2M2JjN2M0YzAiOnsiY3JlYXRlIjo2MDAwMDAwMDAwMDAsImRlbGV0ZSI6MTIwMDAwMDAwMDAwMCwidXBkYXRlIjo2MDAwMDAwMDAwMDB9LCJzY2hlbWFfdmVyc2lvbiI6IjEifQ==",
          "dependencies": [
            "data.aws_availability_zones.Availability_Zones",
            "module.ssh.aws_key_pair.SSH_Key_Pair",
            "module.ssh.tls_private_key.Create_SSH_Key",
            "module.vpc.aws_security_group.Private_Security_Group",
            "module.vpc.aws_security_group.Public_Security_Group",
            "module.vpc.aws_subnet.Private_Subnet",
            "module.vpc.aws_subnet.Public_Subnet",
            "module.vpc.aws_vpc.MyVPC"
          ]
        },
        {
          "index_key": 1,
          "schema_version": 1,
          "attributes": {
            "ami": "ami-0fa377108253bf620",
            "arn": "arn:aws:ec2:ap-southeast-1:047590809543:instance/i-058c726a603556c78",
            "associate_public_ip_address": false,
            "availability_zone": "ap-southeast-1b",
            "capacity_reservation_specification": [
              {
                "capacity_reservation_preference": "open",
                "capacity_reservation_target": []
              }
            ],
            "cpu_core_count": 1,
            "cpu_options": [
              {
                "amd_sev_snp": "",
                "core_count": 1,
                "threads_per_core": 1
              }
            ],
            "cpu_threads_per_core": 1,
            "credit_specification": [
              {
                "cpu_credits": "standard"
              }
            ],
            "disable_api_stop": false,
            "disable_api_termination": false,
            "ebs_block_device": [],
            "ebs_optimized": false,
            "enclave_options": [
              {
                "enabled": false
              }
            ],
            "ephemeral_block_device": [],
            "get_password_data": false,
            "hibernation": false,
            "host_id": "",
            "host_resource_group_arn": null,
            "iam_instance_profile": "",
            "id": "i-058c726a603556c78",
            "instance_initiated_shutdown_behavior": "stop",
            "instance_lifecycle": "",
            "instance_market_options": [],
            "instance_state": "running",
            "instance_type": "t2.micro",
            "ipv6_address_count": 0,
            "ipv6_addresses": [],
            "key_name": "mykey",
            "launch_template": [],
            "maintenance_options": [
              {
                "auto_recovery": "default"
              }
            ],
            "metadata_options": [
              {
                "http_endpoint": "enabled",
                "http_protocol_ipv6": "disabled",
                "http_put_response_hop_limit": 1,
                "http_tokens": "optional",
                "instance_metadata_tags": "disabled"
              }
            ],
            "monitoring": false,
            "network_interface": [],
            "outpost_arn": "",
            "password_data": "",
            "placement_group": "",
            "placement_partition_number": 0,
            "primary_network_interface_id": "eni-0dc392014b8b4f84f",
            "private_dns": "ip-10-0-20-154.ap-southeast-1.compute.internal",
            "private_dns_name_options": [
              {
                "enable_resource_name_dns_a_record": false,
                "enable_resource_name_dns_aaaa_record": false,
                "hostname_type": "ip-name"
              }
            ],
            "private_ip": "10.0.20.154",
            "public_dns": "",
            "public_ip": "",
            "root_block_device": [
              {
                "delete_on_termination": true,
                "device_name": "/dev/sda1",
                "encrypted": false,
                "iops": 100,
                "kms_key_id": "",
                "tags": {},
                "throughput": 0,
                "volume_id": "vol-0350fba96d95e2b00",
                "volume_size": 8,
                "volume_type": "gp2"
              }
            ],
            "secondary_private_ips": [],
            "security_groups": [],
            "source_dest_check": true,
            "spot_instance_request_id": "",
            "subnet_id": "subnet-0266e92188179844b",
            "tags": {
              "Name": "MyEC2Instance-1-Private"
            },
            "tags_all": {
              "Name": "MyEC2Instance-1-Private"
            },
            "tenancy": "default",
            "timeouts": null,
            "user_data": null,
            "user_data_base64": null,
            "user_data_replace_on_change": false,
            "volume_tags": null,
            "vpc_security_group_ids": [
              "sg-018e156f83c8c8239"
            ]
          },
          "sensitive_attributes": [],
          "private": "eyJlMmJmYjczMC1lY2FhLTExZTYtOGY4OC0zNDM2M2JjN2M0YzAiOnsiY3JlYXRlIjo2MDAwMDAwMDAwMDAsImRlbGV0ZSI6MTIwMDAwMDAwMDAwMCwidXBkYXRlIjo2MDAwMDAwMDAwMDB9LCJzY2hlbWFfdmVyc2lvbiI6IjEifQ==",
          "dependencies": [
            "data.aws_availability_zones.Availability_Zones",
            "module.ssh.aws_key_pair.SSH_Key_Pair",
            "module.ssh.tls_private_key.Create_SSH_Key",
            "module.vpc.aws_security_group.Private_Security_Group",
            "module.vpc.aws_security_group.Public_Security_Group",
            "module.vpc.aws_subnet.Private_Subnet",
            "module.vpc.aws_subnet.Public_Subnet",
            "module.vpc.aws_vpc.MyVPC"
          ]
        }
      ]
    },
    {
      "module": "module.ec2",
      "mode": "managed",
      "type": "aws_instance",
      "name": "MyEC2InstancePrivateDatabase",
      "provider": "provider[\"registry.terraform.io/hashicorp/aws\"]",
      "instances": [
        {
          "index_key": 0,
          "schema_version": 1,
          "attributes": {
            "ami": "ami-0fa377108253bf620",
            "arn": "arn:aws:ec2:ap-southeast-1:047590809543:instance/i-075f2461e13dc2a62",
            "associate_public_ip_address": false,
            "availability_zone": "ap-southeast-1a",
            "capacity_reservation_specification": [
              {
                "capacity_reservation_preference": "open",
                "capacity_reservation_target": []
              }
            ],
            "cpu_core_count": 1,
            "cpu_options": [
              {
                "amd_sev_snp": "",
                "core_count": 1,
                "threads_per_core": 1
              }
            ],
            "cpu_threads_per_core": 1,
            "credit_specification": [
              {
                "cpu_credits": "standard"
              }
            ],
            "disable_api_stop": false,
            "disable_api_termination": false,
            "ebs_block_device": [],
            "ebs_optimized": false,
            "enclave_options": [
              {
                "enabled": false
              }
            ],
            "ephemeral_block_device": [],
            "get_password_data": false,
            "hibernation": false,
            "host_id": "",
            "host_resource_group_arn": null,
            "iam_instance_profile": "",
            "id": "i-075f2461e13dc2a62",
            "instance_initiated_shutdown_behavior": "stop",
            "instance_lifecycle": "",
            "instance_market_options": [],
            "instance_state": "running",
            "instance_type": "t2.micro",
            "ipv6_address_count": 0,
            "ipv6_addresses": [],
            "key_name": "mykey",
            "launch_template": [],
            "maintenance_options": [
              {
                "auto_recovery": "default"
              }
            ],
            "metadata_options": [
              {
                "http_endpoint": "enabled",
                "http_protocol_ipv6": "disabled",
                "http_put_response_hop_limit": 1,
                "http_tokens": "optional",
                "instance_metadata_tags": "disabled"
              }
            ],
            "monitoring": false,
            "network_interface": [],
            "outpost_arn": "",
            "password_data": "",
            "placement_group": "",
            "placement_partition_number": 0,
            "primary_network_interface_id": "eni-0facfa39cad70a6d9",
            "private_dns": "ip-10-0-9-112.ap-southeast-1.compute.internal",
            "private_dns_name_options": [
              {
                "enable_resource_name_dns_a_record": false,
                "enable_resource_name_dns_aaaa_record": false,
                "hostname_type": "ip-name"
              }
            ],
            "private_ip": "10.0.9.112",
            "public_dns": "",
            "public_ip": "",
            "root_block_device": [
              {
                "delete_on_termination": true,
                "device_name": "/dev/sda1",
                "encrypted": false,
                "iops": 100,
                "kms_key_id": "",
                "tags": {},
                "throughput": 0,
                "volume_id": "vol-0ab378fa71c77fa1b",
                "volume_size": 8,
                "volume_type": "gp2"
              }
            ],
            "secondary_private_ips": [],
            "security_groups": [],
            "source_dest_check": true,
            "spot_instance_request_id": "",
            "subnet_id": "subnet-0cbd4adb68763be43",
            "tags": {
              "Name": "MyEC2Instance-0-Private-Database"
            },
            "tags_all": {
              "Name": "MyEC2Instance-0-Private-Database"
            },
            "tenancy": "default",
            "timeouts": null,
            "user_data": null,
            "user_data_base64": null,
            "user_data_replace_on_change": false,
            "volume_tags": null,
            "vpc_security_group_ids": [
              "sg-018e156f83c8c8239"
            ]
          },
          "sensitive_attributes": [],
          "private": "eyJlMmJmYjczMC1lY2FhLTExZTYtOGY4OC0zNDM2M2JjN2M0YzAiOnsiY3JlYXRlIjo2MDAwMDAwMDAwMDAsImRlbGV0ZSI6MTIwMDAwMDAwMDAwMCwidXBkYXRlIjo2MDAwMDAwMDAwMDB9LCJzY2hlbWFfdmVyc2lvbiI6IjEifQ==",
          "dependencies": [
            "data.aws_availability_zones.Availability_Zones",
            "module.ssh.aws_key_pair.SSH_Key_Pair",
            "module.ssh.tls_private_key.Create_SSH_Key",
            "module.vpc.aws_security_group.Private_Security_Group",
            "module.vpc.aws_security_group.Public_Security_Group",
            "module.vpc.aws_subnet.Private_Subnet",
            "module.vpc.aws_subnet.Public_Subnet",
            "module.vpc.aws_vpc.MyVPC"
          ]
        }
      ]
    },
    {
      "module": "module.ec2",
      "mode": "managed",
      "type": "aws_instance",
      "name": "MyEC2InstancePublic",
      "provider": "provider[\"registry.terraform.io/hashicorp/aws\"]",
      "instances": [
        {
          "index_key": 0,
          "schema_version": 1,
          "attributes": {
            "ami": "ami-0fa377108253bf620",
            "arn": "arn:aws:ec2:ap-southeast-1:047590809543:instance/i-054fdfd2e9ad7891a",
            "associate_public_ip_address": true,
            "availability_zone": "ap-southeast-1a",
            "capacity_reservation_specification": [
              {
                "capacity_reservation_preference": "open",
                "capacity_reservation_target": []
              }
            ],
            "cpu_core_count": 1,
            "cpu_options": [
              {
                "amd_sev_snp": "",
                "core_count": 1,
                "threads_per_core": 1
              }
            ],
            "cpu_threads_per_core": 1,
            "credit_specification": [
              {
                "cpu_credits": "standard"
              }
            ],
            "disable_api_stop": false,
            "disable_api_termination": false,
            "ebs_block_device": [],
            "ebs_optimized": false,
            "enclave_options": [
              {
                "enabled": false
              }
            ],
            "ephemeral_block_device": [],
            "get_password_data": false,
            "hibernation": false,
            "host_id": "",
            "host_resource_group_arn": null,
            "iam_instance_profile": "",
            "id": "i-054fdfd2e9ad7891a",
            "instance_initiated_shutdown_behavior": "stop",
            "instance_lifecycle": "",
            "instance_market_options": [],
            "instance_state": "running",
            "instance_type": "t2.micro",
            "ipv6_address_count": 0,
            "ipv6_addresses": [],
            "key_name": "mykey",
            "launch_template": [],
            "maintenance_options": [
              {
                "auto_recovery": "default"
              }
            ],
            "metadata_options": [
              {
                "http_endpoint": "enabled",
                "http_protocol_ipv6": "disabled",
                "http_put_response_hop_limit": 1,
                "http_tokens": "optional",
                "instance_metadata_tags": "disabled"
              }
            ],
            "monitoring": false,
            "network_interface": [],
            "outpost_arn": "",
            "password_data": "",
            "placement_group": "",
            "placement_partition_number": 0,
            "primary_network_interface_id": "eni-0dfbce03ab15aff60",
            "private_dns": "ip-10-0-48-101.ap-southeast-1.compute.internal",
            "private_dns_name_options": [
              {
                "enable_resource_name_dns_a_record": false,
                "enable_resource_name_dns_aaaa_record": false,
                "hostname_type": "ip-name"
              }
            ],
            "private_ip": "10.0.48.101",
            "public_dns": "ec2-13-228-206-188.ap-southeast-1.compute.amazonaws.com",
            "public_ip": "13.228.206.188",
            "root_block_device": [
              {
                "delete_on_termination": true,
                "device_name": "/dev/sda1",
                "encrypted": false,
                "iops": 100,
                "kms_key_id": "",
                "tags": {},
                "throughput": 0,
                "volume_id": "vol-0734f147e91bc08c8",
                "volume_size": 8,
                "volume_type": "gp2"
              }
            ],
            "secondary_private_ips": [],
            "security_groups": [],
            "source_dest_check": true,
            "spot_instance_request_id": "",
            "subnet_id": "subnet-04d0913a05e165a5a",
            "tags": {
              "Name": "MyEC2Instance-0-Public"
            },
            "tags_all": {
              "Name": "MyEC2Instance-0-Public"
            },
            "tenancy": "default",
            "timeouts": {
              "create": "1h30m",
              "delete": "20m",
              "update": "2h"
            },
            "user_data": null,
            "user_data_base64": null,
            "user_data_replace_on_change": false,
            "volume_tags": null,
            "vpc_security_group_ids": [
              "sg-08afd1ea5850b8b73"
            ]
          },
          "sensitive_attributes": [],
          "private": "eyJlMmJmYjczMC1lY2FhLTExZTYtOGY4OC0zNDM2M2JjN2M0YzAiOnsiY3JlYXRlIjo1NDAwMDAwMDAwMDAwLCJkZWxldGUiOjEyMDAwMDAwMDAwMDAsInVwZGF0ZSI6NzIwMDAwMDAwMDAwMH0sInNjaGVtYV92ZXJzaW9uIjoiMSJ9",
          "dependencies": [
            "data.aws_availability_zones.Availability_Zones",
            "module.ssh.aws_key_pair.SSH_Key_Pair",
            "module.ssh.tls_private_key.Create_SSH_Key",
            "module.vpc.aws_security_group.Private_Security_Group",
            "module.vpc.aws_security_group.Public_Security_Group",
            "module.vpc.aws_subnet.Private_Subnet",
            "module.vpc.aws_subnet.Public_Subnet",
            "module.vpc.aws_vpc.MyVPC"
          ]
        }
      ]
    },
    {
      "module": "module.ec2",
      "mode": "managed",
      "type": "local_file",
      "name": "config_hosts",
      "provider": "provider[\"registry.terraform.io/hashicorp/local\"]",
      "instances": [
        {
          "schema_version": 0,
          "attributes": {
            "content": "[nginx_lb]\n13.228.206.188\n\n[mysql_server]\n10.0.9.112\n\n[php_fpm_servers]\n10.0.15.8\n10.0.20.154\n",
            "content_base64": null,
            "content_base64sha256": "Dr7XcXpt4yLvc/tmG6LUsB3J8YBlph4OSgOKc7D7Bww=",
            "content_base64sha512": "1KBg9kOhEKFeXjhXndcc46Rgp4mq/crhx8nOcBAiD++jFGv3eka2z1eIjkjdWspWYgsdHRFc8Bk9aKNX6ru9NA==",
            "content_md5": "3a8c196c65530a949397f28d73c5c103",
            "content_sha1": "e27129d2765bd1d29e2c7dd03182e37d36025001",
            "content_sha256": "0ebed7717a6de322ef73fb661ba2d4b01dc9f18065a61e0e4a038a73b0fb070c",
            "content_sha512": "d4a060f643a110a15e5e38579dd71ce3a460a789aafdcae1c7c9ce7010220fefa3146bf77a46b6cf57888e48dd5aca56620b1d1d115cf0193d68a357eabbbd34",
            "directory_permission": "0777",
            "file_permission": "0777",
            "filename": "./../ansible/hosts",
            "id": "e27129d2765bd1d29e2c7dd03182e37d36025001",
            "sensitive_content": null,
            "source": null
          },
          "sensitive_attributes": [],
          "dependencies": [
            "data.aws_availability_zones.Availability_Zones",
            "module.ec2.aws_instance.MyEC2InstancePrivate",
            "module.ec2.aws_instance.MyEC2InstancePrivateDatabase",
            "module.ec2.aws_instance.MyEC2InstancePublic",
            "module.ssh.aws_key_pair.SSH_Key_Pair",
            "module.ssh.tls_private_key.Create_SSH_Key",
            "module.vpc.aws_security_group.Private_Security_Group",
            "module.vpc.aws_security_group.Public_Security_Group",
            "module.vpc.aws_subnet.Private_Subnet",
            "module.vpc.aws_subnet.Public_Subnet",
            "module.vpc.aws_vpc.MyVPC"
          ]
        }
      ]
    },
    {
      "module": "module.ec2",
      "mode": "managed",
      "type": "null_resource",
      "name": "run_ansible_playbook",
      "provider": "provider[\"registry.terraform.io/hashicorp/null\"]",
      "instances": [
        {
          "schema_version": 0,
          "attributes": {
            "id": "5075212755428842757",
            "triggers": null
          },
          "sensitive_attributes": [],
          "dependencies": [
            "module.ssh.aws_key_pair.SSH_Key_Pair",
            "module.ssh.tls_private_key.Create_SSH_Key"
          ]
        }
      ]
    },
    {
      "module": "module.ssh",
      "mode": "managed",
      "type": "aws_key_pair",
      "name": "SSH_Key_Pair",
      "provider": "provider[\"registry.terraform.io/hashicorp/aws\"]",
      "instances": [
        {
          "schema_version": 1,
          "attributes": {
            "arn": "arn:aws:ec2:ap-southeast-1:047590809543:key-pair/mykey",
            "fingerprint": "68:bb:f5:1c:6a:a5:1b:89:d5:7b:a0:00:03:5f:1b:22",
            "id": "mykey",
            "key_name": "mykey",
            "key_name_prefix": "",
            "key_pair_id": "key-04b20495917583c0f",
            "key_type": "rsa",
            "public_key": "ssh-rsa AAAAB3NzaC1yc2EAAAADAQABAAACAQDtMO9Akn+eXxFU22HazjrTvSKpy1irZm2O188Hw8CBKGmGSLNpyDmctSpAERhuPFMuA4IDin1zAzl82s2PotW5e0M7lRG2+mPHkuPivMHoqmreCyWOELhPUtFpIZHJBfa7AmcgFUVYmDhr7bc5rTObfLVz2wLoSHryJKFNnOBSUtFliVKGTeYUi2IAn36fZmCAptUtBrztNCr7eq2UXWyAac/NtvNTOaT4drfuUfVxWoYuwAghqiU9fyQ/4Q4WFMMiMmlejKXQb5ezvkmB0hADxJia8WlcTByTzhu4bf7JPTbNCSDlqHR5z4o9vou7ZHg/l4UnAm07v/ldl+hiI/9V5JUdRau85yVsdzf2Vt0dDsfHy082LDvCmA83Y1uODfdnRYrkHMC9jlB9tZxAGUbesGuJ/IGAAqS6/sIqswAiOqDE9XABUn7C1tbQ/QjLZPqTVPqFZRJdilenebOuYQoYzCHJHLQYGLcijzZN3g9wBzlr5l163lmkjonanEy+asu1yCLFYcQ4bd6YfJz5rq1o5nbckkoql8vGrfSKDjO0LKfxH3AGsG+GcHPo+DdBqzmItEaYIHztcrK4ZXZ1uXSmUN7U1LUCQYjAAGUzonmDqRVRmgttqmV8ABIe4xzTK1hZfwtk7q6Xi4BcN+hERm27bglnzQZDGEl7t93ZS+nGBw==",
            "tags": {},
            "tags_all": {}
          },
          "sensitive_attributes": [],
          "private": "eyJzY2hlbWFfdmVyc2lvbiI6IjEifQ==",
          "dependencies": [
            "module.ssh.tls_private_key.Create_SSH_Key"
          ]
        }
      ]
    },
    {
      "module": "module.ssh",
      "mode": "managed",
      "type": "local_sensitive_file",
      "name": "Generate_Pem_File",
      "provider": "provider[\"registry.terraform.io/hashicorp/local\"]",
      "instances": [
        {
          "schema_version": 0,
          "attributes": {
            "content": "-----BEGIN RSA PRIVATE KEY-----\nMIIJKgIBAAKCAgEA7TDvQJJ/nl8RVNth2s46070iqctYq2ZtjtfPB8PAgShphkiz\nacg5nLUqQBEYbjxTLgOCA4p9cwM5fNrNj6LVuXtDO5URtvpjx5Lj4rzB6Kpq3gsl\njhC4T1LRaSGRyQX2uwJnIBVFWJg4a+23Oa0zm3y1c9sC6Eh68iShTZzgUlLRZYlS\nhk3mFItiAJ9+n2ZggKbVLQa87TQq+3qtlF1sgGnPzbbzUzmk+Ha37lH1cVqGLsAI\nIaolPX8kP+EOFhTDIjJpXoyl0G+Xs75JgdIQA8SYmvFpXEwck84buG3+yT02zQkg\n5ah0ec+KPb6Lu2R4P5eFJwJtO7/5XZfoYiP/VeSVHUWrvOclbHc39lbdHQ7Hx8tP\nNiw7wpgPN2Nbjg33Z0WK5BzAvY5QfbWcQBlG3rBrifyBgAKkuv7CKrMAIjqgxPVw\nAVJ+wtbW0P0Iy2T6k1T6hWUSXYpXp3mzrmEKGMwhyRy0GBi3Io82Td4PcAc5a+Zd\net5ZpI6J2pxMvmrLtcgixWHEOG3emHyc+a6taOZ23JJKKpfLxq30ig4ztCyn8R9w\nBrBvhnBz6Pg3Qas5iLRGmCB87XKyuGV2dbl0plDe1NS1AkGIwABlM6J5g6kVUZoL\nbaplfAASHuMc0ytYWX8LZO6ul4uAXDfoREZtu24JZ80GQxhJe7fd2UvpxgcCAwEA\nAQKCAgEA5UiAfvMe2oEbx+OqXFEvHK+ganJfbJC/J24Ge4MG+9OM7nootQEQcCPQ\ni836x9UYs0pAzBt72UossDzyqP7Hi11USKx5S2AQREQCdpPw/nB+jdZIn2QaRtPQ\nCsignKpfL7fK6ICnYFUFdY99pwt+77dF0JDN5qzp7FjsdJJJZksYkAaG970lxIZY\nXjHPvVbBwpuDRttUlhfv1NlqIhmNYTTn4/wOi00V4/kfJAmmMcVIILkRIznOdfwJ\nlpZ/f2jimJQSt4tOXocBJoezlwLw6DOLMXxcVRReK6L5uPbbbLz31IwWeOq2bWnq\nQHWJrcQZWZ+m32bBIRkafRbzVKtnjkvIQhvzr8t4L73jvptuQ0Cfg4JjbZTp0u2m\nZj1RLqGancpwsY9sl+nZu/7ZrqTp9rs1TJSA8BU8c23bdDAPPzmjP7B6XWZMZ2aZ\nWGuuKfa06uCOQXRud16NJZX2AjpwTsTXmZ4YVsaE3oaWoymqKsS/6KUVWOLdREpk\n8e5KGzaKca/WORATtmwvA+ZYJDzD42u3rZluLFiS+AfdVKOL572ZzAYCR21brpmZ\nBhe7t0Ap1TZ3l4sGdwlhsyQj90oVPpxX+wQMVyIadm6cyPYO308LcyMFAbmEQN70\nXiYzIwMTjdX3Z+dFX9AteeQDgcHZE0qGmsl1ADJIsWf49UPFIkECggEBAPpsBJhL\n82qbLmeD2cNhB40Ao6xHjYlCnfcYS7ASnAbUna3Jmu9RXa/+DZjNYK65PgICRn+c\njUjCVigMl214A1XSJXxbNrmlheheow2XiOanejAmRAVjoqCO/MQzCaaVP5Lx/cVX\n3k9EBt5mnuenhQZk5D22k3wgSbGAPUDGI+AvoRNr6bT+nyZ/aJFLiSCJEBQV+ntU\nSCmiYipSUTFRjPO3GQ80NWY8FS9B415pZDa5m2+G3UJBdHHrG23TfJku9B7kFOGA\n84EjC183JDE5azILqHCVN4mcd72Brg59njCOSULrShD8Pm0qV4cvzeAXiBVog2Yz\n/wVbwBoIkMiDCz0CggEBAPJ5eHp3sbJuAfj+5hugrxDxw53Sam/+1VT9b2MEwEwV\nwxMXAHDHwpHtCS4UjFc4Eynq5aJnb1rz+i57gdU+vZXBwFW08xF0WpBDv509Ykiq\ncLJJ83Q+NzlKcbxXZJ8Y557c2UBV1mrYXoeStQGqp+2ufb8YYYPy6sk3RpPz9f4o\nL8ExaEXzo48uX2LpsN3kmMRNtS689w9pwP2+nqArpvlQfnPwHglOte3K3d4Sd7zY\nB4Rhy3lIO87dByOSstq3xr+9jomf/FTON7Zn7Y1HYT4ATzOD1ZrL8uMlKHi+Exub\ned/XkjED4Z1DlVlZsBUWNDygGElng7Jtko7ja+SAupMCggEATicJ5BHH/NxDRjEC\n9BPDDIFHk0udY1nz/JqLfH7CTOtr7kG95bRJ/dPWoHpwEvdi37OgFtFf0nY79zG+\nzH4o5E66Pi4lTRjYSqXGU0aYhgt8eaxnjBsFNQCK6BxZhbCMb6qwHTeH/MrpLd1u\n+DLytAUmqg/hxVo6RXgVJbLwnVWf+nSyMjdIqfYXR0kAmbPM3cfiLT0nbD7uTfD0\nv+SIjcL1wiX0CFz165Kvh9ZyXRXd6Zd4U+Yjli3emI7pEtFxhHaAAcSBuiqasPN/\nixE1YB/9SG15MKwxPmZLUOBpTxQIzyapLdXbEaymNl137djKMow0fd/6VczFjhpg\nPQOQrQKCAQEA8i2y0JcWK4HGhJyK1hNSZ5khaVNNLdkX2BBdHUgUjKm7sihqLzrF\nshxO6/BoD4EZWuebPe8TgINoYN7I2WUV1Cq1YKUflVJiVe7kxjcWID/j2Z8VAwhU\n/erF2HhtLp6gUMKCVsilJQhAuiYklaqOmU2LmL7QPwrzx89mtcWX76bRs6MWY6+p\nsAuAB/oixi1ZC9AVY74nAQT+VjH6mz2eQytLcZ7lUSSFfyD9Ip3NbBdUwrsukE8+\nNSn7xGL0MpIVd1Lrt7fMPiPN72i0EkS18kg60tgdE8QaLxbg6l/mE8/hFVppUH1w\n7TMgSyLSRO1tdRPtzfsOxbq9A+xPyeVs8wKCAQEA2eRwU2zDSE1hJXSiZJozoG13\n223yxe5n9zlkOULXcycV2V04XVf5DqH5ss4q3Zmo8/0oS61qyVwzVHFGDzjD6e9E\nY01VOPtQF1evKsLLCAa0YFHT1L9iNf1QiUAnSAbSgYfEO9l4cnF0aQSU0bySTIOG\n7M8Tqb0k609cyDxRlQPB0rpPtm+o+XWSNsG75O9wF6A7CotOv0AkIvi5sKXWzYgv\nt/GqBv3cF8EiLMkPprkm2orCPMpVk1mJmDrzAS2eKLlvsveF8+ggwCbPtnpdaz5n\nwmbYfJVUO5whGo67JH97J+obz9EkDV/NM6RQ9PvO1op+GTjAd58boA6rTCvc/g==\n-----END RSA PRIVATE KEY-----\n",
            "content_base64": null,
            "content_base64sha256": "+idkSAUIotAQ0qTOx1F1YcQy+V/qNQI4s6kVJJIiHZE=",
            "content_base64sha512": "5ozgCF+nnG7E1IxnjEqq3pkueIuzEa8SCPxNW3S/nAym8aISzwJbRL2axt71UM+KS6A450ercU3wAcJi4l9H7w==",
            "content_md5": "26fab9f71083fde7a679566ffefb4151",
            "content_sha1": "a0d023af72cd724d4a51b25bd6e9d3010cc4ca13",
            "content_sha256": "fa2764480508a2d010d2a4cec7517561c432f95fea350238b3a9152492221d91",
            "content_sha512": "e68ce0085fa79c6ec4d48c678c4aaade992e788bb311af1208fc4d5b74bf9c0ca6f1a212cf025b44bd9ac6def550cf8a4ba038e747ab714df001c262e25f47ef",
            "directory_permission": "0700",
            "file_permission": "0400",
            "filename": "./mykey.pem",
            "id": "a0d023af72cd724d4a51b25bd6e9d3010cc4ca13",
            "source": null
          },
          "sensitive_attributes": [
            [
              {
                "type": "get_attr",
                "value": "content"
              }
            ]
          ],
          "dependencies": [
            "module.ssh.tls_private_key.Create_SSH_Key"
          ]
        }
      ]
    },
    {
      "module": "module.ssh",
      "mode": "managed",
      "type": "tls_private_key",
      "name": "Create_SSH_Key",
      "provider": "provider[\"registry.terraform.io/hashicorp/tls\"]",
      "instances": [
        {
          "schema_version": 1,
          "attributes": {
            "algorithm": "RSA",
            "ecdsa_curve": "P224",
            "id": "26692a33c214eac21bea36f57b35b8a8b2342dbf",
            "private_key_openssh": "-----BEGIN OPENSSH PRIVATE KEY-----\nb3BlbnNzaC1rZXktdjEAAAAABG5vbmUAAAAEbm9uZQAAAAAAAAABAAACFwAAAAdz\nc2gtcnNhAAAAAwEAAQAAAgEA7TDvQJJ/nl8RVNth2s46070iqctYq2ZtjtfPB8PA\ngShphkizacg5nLUqQBEYbjxTLgOCA4p9cwM5fNrNj6LVuXtDO5URtvpjx5Lj4rzB\n6Kpq3gsljhC4T1LRaSGRyQX2uwJnIBVFWJg4a+23Oa0zm3y1c9sC6Eh68iShTZzg\nUlLRZYlShk3mFItiAJ9+n2ZggKbVLQa87TQq+3qtlF1sgGnPzbbzUzmk+Ha37lH1\ncVqGLsAIIaolPX8kP+EOFhTDIjJpXoyl0G+Xs75JgdIQA8SYmvFpXEwck84buG3+\nyT02zQkg5ah0ec+KPb6Lu2R4P5eFJwJtO7/5XZfoYiP/VeSVHUWrvOclbHc39lbd\nHQ7Hx8tPNiw7wpgPN2Nbjg33Z0WK5BzAvY5QfbWcQBlG3rBrifyBgAKkuv7CKrMA\nIjqgxPVwAVJ+wtbW0P0Iy2T6k1T6hWUSXYpXp3mzrmEKGMwhyRy0GBi3Io82Td4P\ncAc5a+Zdet5ZpI6J2pxMvmrLtcgixWHEOG3emHyc+a6taOZ23JJKKpfLxq30ig4z\ntCyn8R9wBrBvhnBz6Pg3Qas5iLRGmCB87XKyuGV2dbl0plDe1NS1AkGIwABlM6J5\ng6kVUZoLbaplfAASHuMc0ytYWX8LZO6ul4uAXDfoREZtu24JZ80GQxhJe7fd2Uvp\nxgcAAAc4oJkKLqCZCi4AAAAHc3NoLXJzYQAAAgEA7TDvQJJ/nl8RVNth2s46070i\nqctYq2ZtjtfPB8PAgShphkizacg5nLUqQBEYbjxTLgOCA4p9cwM5fNrNj6LVuXtD\nO5URtvpjx5Lj4rzB6Kpq3gsljhC4T1LRaSGRyQX2uwJnIBVFWJg4a+23Oa0zm3y1\nc9sC6Eh68iShTZzgUlLRZYlShk3mFItiAJ9+n2ZggKbVLQa87TQq+3qtlF1sgGnP\nzbbzUzmk+Ha37lH1cVqGLsAIIaolPX8kP+EOFhTDIjJpXoyl0G+Xs75JgdIQA8SY\nmvFpXEwck84buG3+yT02zQkg5ah0ec+KPb6Lu2R4P5eFJwJtO7/5XZfoYiP/VeSV\nHUWrvOclbHc39lbdHQ7Hx8tPNiw7wpgPN2Nbjg33Z0WK5BzAvY5QfbWcQBlG3rBr\nifyBgAKkuv7CKrMAIjqgxPVwAVJ+wtbW0P0Iy2T6k1T6hWUSXYpXp3mzrmEKGMwh\nyRy0GBi3Io82Td4PcAc5a+Zdet5ZpI6J2pxMvmrLtcgixWHEOG3emHyc+a6taOZ2\n3JJKKpfLxq30ig4ztCyn8R9wBrBvhnBz6Pg3Qas5iLRGmCB87XKyuGV2dbl0plDe\n1NS1AkGIwABlM6J5g6kVUZoLbaplfAASHuMc0ytYWX8LZO6ul4uAXDfoREZtu24J\nZ80GQxhJe7fd2UvpxgcAAAADAQABAAACAQDlSIB+8x7agRvH46pcUS8cr6Bqcl9s\nkL8nbgZ7gwb704zueii1ARBwI9CLzfrH1RizSkDMG3vZSiywPPKo/seLXVRIrHlL\nYBBERAJ2k/D+cH6N1kifZBpG09AKyKCcql8vt8rogKdgVQV1j32nC37vt0XQkM3m\nrOnsWOx0kklmSxiQBob3vSXEhlheMc+9VsHCm4NG21SWF+/U2WoiGY1hNOfj/A6L\nTRXj+R8kCaYxxUgguREjOc51/AmWln9/aOKYlBK3i05ehwEmh7OXAvDoM4sxfFxV\nFF4rovm49ttsvPfUjBZ46rZtaepAdYmtxBlZn6bfZsEhGRp9FvNUq2eOS8hCG/Ov\ny3gvveO+m25DQJ+DgmNtlOnS7aZmPVEuoZqdynCxj2yX6dm7/tmupOn2uzVMlIDw\nFTxzbdt0MA8/OaM/sHpdZkxnZplYa64p9rTq4I5BdG53Xo0llfYCOnBOxNeZnhhW\nxoTehpajKaoqxL/opRVY4t1ESmTx7kobNopxr9Y5EBO2bC8D5lgkPMPja7etmW4s\nWJL4B91Uo4vnvZnMBgJHbVuumZkGF7u3QCnVNneXiwZ3CWGzJCP3ShU+nFf7BAxX\nIhp2bpzI9g7fTwtzIwUBuYRA3vReJjMjAxON1fdn50Vf0C155AOBwdkTSoaayXUA\nMkixZ/j1Q8UiQQAAAQEA2eRwU2zDSE1hJXSiZJozoG13223yxe5n9zlkOULXcycV\n2V04XVf5DqH5ss4q3Zmo8/0oS61qyVwzVHFGDzjD6e9EY01VOPtQF1evKsLLCAa0\nYFHT1L9iNf1QiUAnSAbSgYfEO9l4cnF0aQSU0bySTIOG7M8Tqb0k609cyDxRlQPB\n0rpPtm+o+XWSNsG75O9wF6A7CotOv0AkIvi5sKXWzYgvt/GqBv3cF8EiLMkPprkm\n2orCPMpVk1mJmDrzAS2eKLlvsveF8+ggwCbPtnpdaz5nwmbYfJVUO5whGo67JH97\nJ+obz9EkDV/NM6RQ9PvO1op+GTjAd58boA6rTCvc/gAAAQEA+mwEmEvzapsuZ4PZ\nw2EHjQCjrEeNiUKd9xhLsBKcBtSdrcma71Fdr/4NmM1grrk+AgJGf5yNSMJWKAyX\nbXgDVdIlfFs2uaWF6F6jDZeI5qd6MCZEBWOioI78xDMJppU/kvH9xVfeT0QG3mae\n56eFBmTkPbaTfCBJsYA9QMYj4C+hE2vptP6fJn9okUuJIIkQFBX6e1RIKaJiKlJR\nMVGM87cZDzQ1ZjwVL0HjXmlkNrmbb4bdQkF0cesbbdN8mS70HuQU4YDzgSMLXzck\nMTlrMguocJU3iZx3vYGuDn2eMI5JQutKEPw+bSpXhy/N4BeIFWiDZjP/BVvAGgiQ\nyIMLPQAAAQEA8nl4enexsm4B+P7mG6CvEPHDndJqb/7VVP1vYwTATBXDExcAcMfC\nke0JLhSMVzgTKerlomdvWvP6LnuB1T69lcHAVbTzEXRakEO/nT1iSKpwsknzdD43\nOUpxvFdknxjnntzZQFXWatheh5K1Aaqn7a59vxhhg/LqyTdGk/P1/igvwTFoRfOj\njy5fYumw3eSYxE21Lrz3D2nA/b6eoCum+VB+c/AeCU617crd3hJ3vNgHhGHLeUg7\nzt0HI5Ky2rfGv72OiZ/8VM43tmftjUdhPgBPM4PVmsvy4yUoeL4TG5t539eSMQPh\nnUOVWVmwFRY0PKAYSWeDsm2SjuNr5IC6kwAAAAAB\n-----END OPENSSH PRIVATE KEY-----\n",
            "private_key_pem": "-----BEGIN RSA PRIVATE KEY-----\nMIIJKgIBAAKCAgEA7TDvQJJ/nl8RVNth2s46070iqctYq2ZtjtfPB8PAgShphkiz\nacg5nLUqQBEYbjxTLgOCA4p9cwM5fNrNj6LVuXtDO5URtvpjx5Lj4rzB6Kpq3gsl\njhC4T1LRaSGRyQX2uwJnIBVFWJg4a+23Oa0zm3y1c9sC6Eh68iShTZzgUlLRZYlS\nhk3mFItiAJ9+n2ZggKbVLQa87TQq+3qtlF1sgGnPzbbzUzmk+Ha37lH1cVqGLsAI\nIaolPX8kP+EOFhTDIjJpXoyl0G+Xs75JgdIQA8SYmvFpXEwck84buG3+yT02zQkg\n5ah0ec+KPb6Lu2R4P5eFJwJtO7/5XZfoYiP/VeSVHUWrvOclbHc39lbdHQ7Hx8tP\nNiw7wpgPN2Nbjg33Z0WK5BzAvY5QfbWcQBlG3rBrifyBgAKkuv7CKrMAIjqgxPVw\nAVJ+wtbW0P0Iy2T6k1T6hWUSXYpXp3mzrmEKGMwhyRy0GBi3Io82Td4PcAc5a+Zd\net5ZpI6J2pxMvmrLtcgixWHEOG3emHyc+a6taOZ23JJKKpfLxq30ig4ztCyn8R9w\nBrBvhnBz6Pg3Qas5iLRGmCB87XKyuGV2dbl0plDe1NS1AkGIwABlM6J5g6kVUZoL\nbaplfAASHuMc0ytYWX8LZO6ul4uAXDfoREZtu24JZ80GQxhJe7fd2UvpxgcCAwEA\nAQKCAgEA5UiAfvMe2oEbx+OqXFEvHK+ganJfbJC/J24Ge4MG+9OM7nootQEQcCPQ\ni836x9UYs0pAzBt72UossDzyqP7Hi11USKx5S2AQREQCdpPw/nB+jdZIn2QaRtPQ\nCsignKpfL7fK6ICnYFUFdY99pwt+77dF0JDN5qzp7FjsdJJJZksYkAaG970lxIZY\nXjHPvVbBwpuDRttUlhfv1NlqIhmNYTTn4/wOi00V4/kfJAmmMcVIILkRIznOdfwJ\nlpZ/f2jimJQSt4tOXocBJoezlwLw6DOLMXxcVRReK6L5uPbbbLz31IwWeOq2bWnq\nQHWJrcQZWZ+m32bBIRkafRbzVKtnjkvIQhvzr8t4L73jvptuQ0Cfg4JjbZTp0u2m\nZj1RLqGancpwsY9sl+nZu/7ZrqTp9rs1TJSA8BU8c23bdDAPPzmjP7B6XWZMZ2aZ\nWGuuKfa06uCOQXRud16NJZX2AjpwTsTXmZ4YVsaE3oaWoymqKsS/6KUVWOLdREpk\n8e5KGzaKca/WORATtmwvA+ZYJDzD42u3rZluLFiS+AfdVKOL572ZzAYCR21brpmZ\nBhe7t0Ap1TZ3l4sGdwlhsyQj90oVPpxX+wQMVyIadm6cyPYO308LcyMFAbmEQN70\nXiYzIwMTjdX3Z+dFX9AteeQDgcHZE0qGmsl1ADJIsWf49UPFIkECggEBAPpsBJhL\n82qbLmeD2cNhB40Ao6xHjYlCnfcYS7ASnAbUna3Jmu9RXa/+DZjNYK65PgICRn+c\njUjCVigMl214A1XSJXxbNrmlheheow2XiOanejAmRAVjoqCO/MQzCaaVP5Lx/cVX\n3k9EBt5mnuenhQZk5D22k3wgSbGAPUDGI+AvoRNr6bT+nyZ/aJFLiSCJEBQV+ntU\nSCmiYipSUTFRjPO3GQ80NWY8FS9B415pZDa5m2+G3UJBdHHrG23TfJku9B7kFOGA\n84EjC183JDE5azILqHCVN4mcd72Brg59njCOSULrShD8Pm0qV4cvzeAXiBVog2Yz\n/wVbwBoIkMiDCz0CggEBAPJ5eHp3sbJuAfj+5hugrxDxw53Sam/+1VT9b2MEwEwV\nwxMXAHDHwpHtCS4UjFc4Eynq5aJnb1rz+i57gdU+vZXBwFW08xF0WpBDv509Ykiq\ncLJJ83Q+NzlKcbxXZJ8Y557c2UBV1mrYXoeStQGqp+2ufb8YYYPy6sk3RpPz9f4o\nL8ExaEXzo48uX2LpsN3kmMRNtS689w9pwP2+nqArpvlQfnPwHglOte3K3d4Sd7zY\nB4Rhy3lIO87dByOSstq3xr+9jomf/FTON7Zn7Y1HYT4ATzOD1ZrL8uMlKHi+Exub\ned/XkjED4Z1DlVlZsBUWNDygGElng7Jtko7ja+SAupMCggEATicJ5BHH/NxDRjEC\n9BPDDIFHk0udY1nz/JqLfH7CTOtr7kG95bRJ/dPWoHpwEvdi37OgFtFf0nY79zG+\nzH4o5E66Pi4lTRjYSqXGU0aYhgt8eaxnjBsFNQCK6BxZhbCMb6qwHTeH/MrpLd1u\n+DLytAUmqg/hxVo6RXgVJbLwnVWf+nSyMjdIqfYXR0kAmbPM3cfiLT0nbD7uTfD0\nv+SIjcL1wiX0CFz165Kvh9ZyXRXd6Zd4U+Yjli3emI7pEtFxhHaAAcSBuiqasPN/\nixE1YB/9SG15MKwxPmZLUOBpTxQIzyapLdXbEaymNl137djKMow0fd/6VczFjhpg\nPQOQrQKCAQEA8i2y0JcWK4HGhJyK1hNSZ5khaVNNLdkX2BBdHUgUjKm7sihqLzrF\nshxO6/BoD4EZWuebPe8TgINoYN7I2WUV1Cq1YKUflVJiVe7kxjcWID/j2Z8VAwhU\n/erF2HhtLp6gUMKCVsilJQhAuiYklaqOmU2LmL7QPwrzx89mtcWX76bRs6MWY6+p\nsAuAB/oixi1ZC9AVY74nAQT+VjH6mz2eQytLcZ7lUSSFfyD9Ip3NbBdUwrsukE8+\nNSn7xGL0MpIVd1Lrt7fMPiPN72i0EkS18kg60tgdE8QaLxbg6l/mE8/hFVppUH1w\n7TMgSyLSRO1tdRPtzfsOxbq9A+xPyeVs8wKCAQEA2eRwU2zDSE1hJXSiZJozoG13\n223yxe5n9zlkOULXcycV2V04XVf5DqH5ss4q3Zmo8/0oS61qyVwzVHFGDzjD6e9E\nY01VOPtQF1evKsLLCAa0YFHT1L9iNf1QiUAnSAbSgYfEO9l4cnF0aQSU0bySTIOG\n7M8Tqb0k609cyDxRlQPB0rpPtm+o+XWSNsG75O9wF6A7CotOv0AkIvi5sKXWzYgv\nt/GqBv3cF8EiLMkPprkm2orCPMpVk1mJmDrzAS2eKLlvsveF8+ggwCbPtnpdaz5n\nwmbYfJVUO5whGo67JH97J+obz9EkDV/NM6RQ9PvO1op+GTjAd58boA6rTCvc/g==\n-----END RSA PRIVATE KEY-----\n",
            "private_key_pem_pkcs8": "-----BEGIN PRIVATE KEY-----\nMIIJRAIBADANBgkqhkiG9w0BAQEFAASCCS4wggkqAgEAAoICAQDtMO9Akn+eXxFU\n22HazjrTvSKpy1irZm2O188Hw8CBKGmGSLNpyDmctSpAERhuPFMuA4IDin1zAzl8\n2s2PotW5e0M7lRG2+mPHkuPivMHoqmreCyWOELhPUtFpIZHJBfa7AmcgFUVYmDhr\n7bc5rTObfLVz2wLoSHryJKFNnOBSUtFliVKGTeYUi2IAn36fZmCAptUtBrztNCr7\neq2UXWyAac/NtvNTOaT4drfuUfVxWoYuwAghqiU9fyQ/4Q4WFMMiMmlejKXQb5ez\nvkmB0hADxJia8WlcTByTzhu4bf7JPTbNCSDlqHR5z4o9vou7ZHg/l4UnAm07v/ld\nl+hiI/9V5JUdRau85yVsdzf2Vt0dDsfHy082LDvCmA83Y1uODfdnRYrkHMC9jlB9\ntZxAGUbesGuJ/IGAAqS6/sIqswAiOqDE9XABUn7C1tbQ/QjLZPqTVPqFZRJdilen\nebOuYQoYzCHJHLQYGLcijzZN3g9wBzlr5l163lmkjonanEy+asu1yCLFYcQ4bd6Y\nfJz5rq1o5nbckkoql8vGrfSKDjO0LKfxH3AGsG+GcHPo+DdBqzmItEaYIHztcrK4\nZXZ1uXSmUN7U1LUCQYjAAGUzonmDqRVRmgttqmV8ABIe4xzTK1hZfwtk7q6Xi4Bc\nN+hERm27bglnzQZDGEl7t93ZS+nGBwIDAQABAoICAQDlSIB+8x7agRvH46pcUS8c\nr6Bqcl9skL8nbgZ7gwb704zueii1ARBwI9CLzfrH1RizSkDMG3vZSiywPPKo/seL\nXVRIrHlLYBBERAJ2k/D+cH6N1kifZBpG09AKyKCcql8vt8rogKdgVQV1j32nC37v\nt0XQkM3mrOnsWOx0kklmSxiQBob3vSXEhlheMc+9VsHCm4NG21SWF+/U2WoiGY1h\nNOfj/A6LTRXj+R8kCaYxxUgguREjOc51/AmWln9/aOKYlBK3i05ehwEmh7OXAvDo\nM4sxfFxVFF4rovm49ttsvPfUjBZ46rZtaepAdYmtxBlZn6bfZsEhGRp9FvNUq2eO\nS8hCG/Ovy3gvveO+m25DQJ+DgmNtlOnS7aZmPVEuoZqdynCxj2yX6dm7/tmupOn2\nuzVMlIDwFTxzbdt0MA8/OaM/sHpdZkxnZplYa64p9rTq4I5BdG53Xo0llfYCOnBO\nxNeZnhhWxoTehpajKaoqxL/opRVY4t1ESmTx7kobNopxr9Y5EBO2bC8D5lgkPMPj\na7etmW4sWJL4B91Uo4vnvZnMBgJHbVuumZkGF7u3QCnVNneXiwZ3CWGzJCP3ShU+\nnFf7BAxXIhp2bpzI9g7fTwtzIwUBuYRA3vReJjMjAxON1fdn50Vf0C155AOBwdkT\nSoaayXUAMkixZ/j1Q8UiQQKCAQEA+mwEmEvzapsuZ4PZw2EHjQCjrEeNiUKd9xhL\nsBKcBtSdrcma71Fdr/4NmM1grrk+AgJGf5yNSMJWKAyXbXgDVdIlfFs2uaWF6F6j\nDZeI5qd6MCZEBWOioI78xDMJppU/kvH9xVfeT0QG3mae56eFBmTkPbaTfCBJsYA9\nQMYj4C+hE2vptP6fJn9okUuJIIkQFBX6e1RIKaJiKlJRMVGM87cZDzQ1ZjwVL0Hj\nXmlkNrmbb4bdQkF0cesbbdN8mS70HuQU4YDzgSMLXzckMTlrMguocJU3iZx3vYGu\nDn2eMI5JQutKEPw+bSpXhy/N4BeIFWiDZjP/BVvAGgiQyIMLPQKCAQEA8nl4enex\nsm4B+P7mG6CvEPHDndJqb/7VVP1vYwTATBXDExcAcMfCke0JLhSMVzgTKerlomdv\nWvP6LnuB1T69lcHAVbTzEXRakEO/nT1iSKpwsknzdD43OUpxvFdknxjnntzZQFXW\natheh5K1Aaqn7a59vxhhg/LqyTdGk/P1/igvwTFoRfOjjy5fYumw3eSYxE21Lrz3\nD2nA/b6eoCum+VB+c/AeCU617crd3hJ3vNgHhGHLeUg7zt0HI5Ky2rfGv72OiZ/8\nVM43tmftjUdhPgBPM4PVmsvy4yUoeL4TG5t539eSMQPhnUOVWVmwFRY0PKAYSWeD\nsm2SjuNr5IC6kwKCAQBOJwnkEcf83ENGMQL0E8MMgUeTS51jWfP8mot8fsJM62vu\nQb3ltEn909agenAS92Lfs6AW0V/Sdjv3Mb7MfijkTro+LiVNGNhKpcZTRpiGC3x5\nrGeMGwU1AIroHFmFsIxvqrAdN4f8yukt3W74MvK0BSaqD+HFWjpFeBUlsvCdVZ/6\ndLIyN0ip9hdHSQCZs8zdx+ItPSdsPu5N8PS/5IiNwvXCJfQIXPXrkq+H1nJdFd3p\nl3hT5iOWLd6YjukS0XGEdoABxIG6Kpqw83+LETVgH/1IbXkwrDE+ZktQ4GlPFAjP\nJqkt1dsRrKY2XXft2MoyjDR93/pVzMWOGmA9A5CtAoIBAQDyLbLQlxYrgcaEnIrW\nE1JnmSFpU00t2RfYEF0dSBSMqbuyKGovOsWyHE7r8GgPgRla55s97xOAg2hg3sjZ\nZRXUKrVgpR+VUmJV7uTGNxYgP+PZnxUDCFT96sXYeG0unqBQwoJWyKUlCEC6JiSV\nqo6ZTYuYvtA/CvPHz2a1xZfvptGzoxZjr6mwC4AH+iLGLVkL0BVjvicBBP5WMfqb\nPZ5DK0txnuVRJIV/IP0inc1sF1TCuy6QTz41KfvEYvQykhV3Uuu3t8w+I83vaLQS\nRLXySDrS2B0TxBovFuDqX+YTz+EVWmlQfXDtMyBLItJE7W11E+3N+w7Fur0D7E/J\n5WzzAoIBAQDZ5HBTbMNITWEldKJkmjOgbXfbbfLF7mf3OWQ5QtdzJxXZXThdV/kO\nofmyzirdmajz/ShLrWrJXDNUcUYPOMPp70RjTVU4+1AXV68qwssIBrRgUdPUv2I1\n/VCJQCdIBtKBh8Q72XhycXRpBJTRvJJMg4bszxOpvSTrT1zIPFGVA8HSuk+2b6j5\ndZI2wbvk73AXoDsKi06/QCQi+LmwpdbNiC+38aoG/dwXwSIsyQ+muSbaisI8ylWT\nWYmYOvMBLZ4ouW+y94Xz6CDAJs+2el1rPmfCZth8lVQ7nCEajrskf3sn6hvP0SQN\nX80zpFD0+87Win4ZOMB3nxugDqtMK9z+\n-----END PRIVATE KEY-----\n",
            "public_key_fingerprint_md5": "93:6a:b3:1b:eb:dd:55:3b:8e:5a:11:b0:99:ae:cd:1b",
            "public_key_fingerprint_sha256": "SHA256:S2EvEeV2H+2i4FrYb2KRpo22e+ApC4As6KQAUuOytHg",
            "public_key_openssh": "ssh-rsa AAAAB3NzaC1yc2EAAAADAQABAAACAQDtMO9Akn+eXxFU22HazjrTvSKpy1irZm2O188Hw8CBKGmGSLNpyDmctSpAERhuPFMuA4IDin1zAzl82s2PotW5e0M7lRG2+mPHkuPivMHoqmreCyWOELhPUtFpIZHJBfa7AmcgFUVYmDhr7bc5rTObfLVz2wLoSHryJKFNnOBSUtFliVKGTeYUi2IAn36fZmCAptUtBrztNCr7eq2UXWyAac/NtvNTOaT4drfuUfVxWoYuwAghqiU9fyQ/4Q4WFMMiMmlejKXQb5ezvkmB0hADxJia8WlcTByTzhu4bf7JPTbNCSDlqHR5z4o9vou7ZHg/l4UnAm07v/ldl+hiI/9V5JUdRau85yVsdzf2Vt0dDsfHy082LDvCmA83Y1uODfdnRYrkHMC9jlB9tZxAGUbesGuJ/IGAAqS6/sIqswAiOqDE9XABUn7C1tbQ/QjLZPqTVPqFZRJdilenebOuYQoYzCHJHLQYGLcijzZN3g9wBzlr5l163lmkjonanEy+asu1yCLFYcQ4bd6YfJz5rq1o5nbckkoql8vGrfSKDjO0LKfxH3AGsG+GcHPo+DdBqzmItEaYIHztcrK4ZXZ1uXSmUN7U1LUCQYjAAGUzonmDqRVRmgttqmV8ABIe4xzTK1hZfwtk7q6Xi4BcN+hERm27bglnzQZDGEl7t93ZS+nGBw==\n",
            "public_key_pem": "-----BEGIN PUBLIC KEY-----\nMIICIjANBgkqhkiG9w0BAQEFAAOCAg8AMIICCgKCAgEA7TDvQJJ/nl8RVNth2s46\n070iqctYq2ZtjtfPB8PAgShphkizacg5nLUqQBEYbjxTLgOCA4p9cwM5fNrNj6LV\nuXtDO5URtvpjx5Lj4rzB6Kpq3gsljhC4T1LRaSGRyQX2uwJnIBVFWJg4a+23Oa0z\nm3y1c9sC6Eh68iShTZzgUlLRZYlShk3mFItiAJ9+n2ZggKbVLQa87TQq+3qtlF1s\ngGnPzbbzUzmk+Ha37lH1cVqGLsAIIaolPX8kP+EOFhTDIjJpXoyl0G+Xs75JgdIQ\nA8SYmvFpXEwck84buG3+yT02zQkg5ah0ec+KPb6Lu2R4P5eFJwJtO7/5XZfoYiP/\nVeSVHUWrvOclbHc39lbdHQ7Hx8tPNiw7wpgPN2Nbjg33Z0WK5BzAvY5QfbWcQBlG\n3rBrifyBgAKkuv7CKrMAIjqgxPVwAVJ+wtbW0P0Iy2T6k1T6hWUSXYpXp3mzrmEK\nGMwhyRy0GBi3Io82Td4PcAc5a+Zdet5ZpI6J2pxMvmrLtcgixWHEOG3emHyc+a6t\naOZ23JJKKpfLxq30ig4ztCyn8R9wBrBvhnBz6Pg3Qas5iLRGmCB87XKyuGV2dbl0\nplDe1NS1AkGIwABlM6J5g6kVUZoLbaplfAASHuMc0ytYWX8LZO6ul4uAXDfoREZt\nu24JZ80GQxhJe7fd2UvpxgcCAwEAAQ==\n-----END PUBLIC KEY-----\n",
            "rsa_bits": 4096
          },
          "sensitive_attributes": []
        }
      ]
    },
    {
      "module": "module.vpc",
      "mode": "managed",
      "type": "aws_eip",
      "name": "Elastic_IP",
      "provider": "provider[\"registry.terraform.io/hashicorp/aws\"]",
      "instances": [
        {
          "schema_version": 0,
          "attributes": {
            "address": null,
            "allocation_id": "eipalloc-0ff7add8db67459c3",
            "associate_with_private_ip": null,
            "association_id": "eipassoc-037104c7bd9a769cb",
            "carrier_ip": "",
            "customer_owned_ip": "",
            "customer_owned_ipv4_pool": "",
            "domain": "vpc",
            "id": "eipalloc-0ff7add8db67459c3",
            "instance": "",
            "network_border_group": "ap-southeast-1",
            "network_interface": "eni-0048d666d060ac9f1",
            "private_dns": "ip-10-0-48-86.ap-southeast-1.compute.internal",
            "private_ip": "10.0.48.86",
            "public_dns": "ec2-47-128-166-31.ap-southeast-1.compute.amazonaws.com",
            "public_ip": "47.128.166.31",
            "public_ipv4_pool": "amazon",
            "tags": {
              "Name": "NAT Gateway-Elastic-IP"
            },
            "tags_all": {
              "Name": "NAT Gateway-Elastic-IP"
            },
            "timeouts": null,
            "vpc": true
          },
          "sensitive_attributes": [],
          "private": "eyJlMmJmYjczMC1lY2FhLTExZTYtOGY4OC0zNDM2M2JjN2M0YzAiOnsiZGVsZXRlIjoxODAwMDAwMDAwMDAsInJlYWQiOjkwMDAwMDAwMDAwMCwidXBkYXRlIjozMDAwMDAwMDAwMDB9fQ=="
        }
      ]
    },
    {
      "module": "module.vpc",
      "mode": "managed",
      "type": "aws_internet_gateway",
      "name": "Internet_Gateway",
      "provider": "provider[\"registry.terraform.io/hashicorp/aws\"]",
      "instances": [
        {
          "schema_version": 0,
          "attributes": {
            "arn": "arn:aws:ec2:ap-southeast-1:047590809543:internet-gateway/igw-0623e0d54569a1168",
            "id": "igw-0623e0d54569a1168",
            "owner_id": "047590809543",
            "tags": {
              "Name": "Internet Gateway"
            },
            "tags_all": {
              "Name": "Internet Gateway"
            },
            "timeouts": null,
            "vpc_id": "vpc-06efcdd2c28b2dafd"
          },
          "sensitive_attributes": [],
          "private": "eyJlMmJmYjczMC1lY2FhLTExZTYtOGY4OC0zNDM2M2JjN2M0YzAiOnsiY3JlYXRlIjoxMjAwMDAwMDAwMDAwLCJkZWxldGUiOjEyMDAwMDAwMDAwMDAsInVwZGF0ZSI6MTIwMDAwMDAwMDAwMH19",
          "dependencies": [
            "module.vpc.aws_vpc.MyVPC"
          ]
        }
      ]
    },
    {
      "module": "module.vpc",
      "mode": "managed",
      "type": "aws_nat_gateway",
      "name": "NAT_Gateway",
      "provider": "provider[\"registry.terraform.io/hashicorp/aws\"]",
      "instances": [
        {
          "schema_version": 0,
          "attributes": {
            "allocation_id": "eipalloc-0ff7add8db67459c3",
            "association_id": "eipassoc-037104c7bd9a769cb",
            "connectivity_type": "public",
            "id": "nat-0265b117c5acae62a",
            "network_interface_id": "eni-0048d666d060ac9f1",
            "private_ip": "10.0.48.86",
            "public_ip": "47.128.166.31",
            "secondary_allocation_ids": [],
            "secondary_private_ip_address_count": 0,
            "secondary_private_ip_addresses": [],
            "subnet_id": "subnet-04d0913a05e165a5a",
            "tags": {
              "Name": "NAT Gateway"
            },
            "tags_all": {
              "Name": "NAT Gateway"
            },
            "timeouts": null
          },
          "sensitive_attributes": [],
          "private": "eyJlMmJmYjczMC1lY2FhLTExZTYtOGY4OC0zNDM2M2JjN2M0YzAiOnsiY3JlYXRlIjo2MDAwMDAwMDAwMDAsImRlbGV0ZSI6MTgwMDAwMDAwMDAwMCwidXBkYXRlIjo2MDAwMDAwMDAwMDB9fQ==",
          "dependencies": [
            "data.aws_availability_zones.Availability_Zones",
            "module.vpc.aws_eip.Elastic_IP",
            "module.vpc.aws_internet_gateway.Internet_Gateway",
            "module.vpc.aws_subnet.Public_Subnet",
            "module.vpc.aws_vpc.MyVPC"
          ]
        }
      ]
    },
    {
      "module": "module.vpc",
      "mode": "managed",
      "type": "aws_route_table",
      "name": "Private_Route_Table",
      "provider": "provider[\"registry.terraform.io/hashicorp/aws\"]",
      "instances": [
        {
          "schema_version": 0,
          "attributes": {
            "arn": "arn:aws:ec2:ap-southeast-1:047590809543:route-table/rtb-07350a33e0baf88f2",
            "id": "rtb-07350a33e0baf88f2",
            "owner_id": "047590809543",
            "propagating_vgws": [],
            "route": [
              {
                "carrier_gateway_id": "",
                "cidr_block": "0.0.0.0/0",
                "core_network_arn": "",
                "destination_prefix_list_id": "",
                "egress_only_gateway_id": "",
                "gateway_id": "nat-0265b117c5acae62a",
                "ipv6_cidr_block": "",
                "local_gateway_id": "",
                "nat_gateway_id": "",
                "network_interface_id": "",
                "transit_gateway_id": "",
                "vpc_endpoint_id": "",
                "vpc_peering_connection_id": ""
              }
            ],
            "tags": {
              "Name": "Private Route Table"
            },
            "tags_all": {
              "Name": "Private Route Table"
            },
            "timeouts": null,
            "vpc_id": "vpc-06efcdd2c28b2dafd"
          },
          "sensitive_attributes": [],
          "private": "eyJlMmJmYjczMC1lY2FhLTExZTYtOGY4OC0zNDM2M2JjN2M0YzAiOnsiY3JlYXRlIjozMDAwMDAwMDAwMDAsImRlbGV0ZSI6MzAwMDAwMDAwMDAwLCJ1cGRhdGUiOjEyMDAwMDAwMDAwMH19",
          "dependencies": [
            "data.aws_availability_zones.Availability_Zones",
            "module.vpc.aws_eip.Elastic_IP",
            "module.vpc.aws_internet_gateway.Internet_Gateway",
            "module.vpc.aws_nat_gateway.NAT_Gateway",
            "module.vpc.aws_subnet.Public_Subnet",
            "module.vpc.aws_vpc.MyVPC"
          ]
        }
      ]
    },
    {
      "module": "module.vpc",
      "mode": "managed",
      "type": "aws_route_table",
      "name": "Public_Route_Table",
      "provider": "provider[\"registry.terraform.io/hashicorp/aws\"]",
      "instances": [
        {
          "schema_version": 0,
          "attributes": {
            "arn": "arn:aws:ec2:ap-southeast-1:047590809543:route-table/rtb-0c3650361c12e9409",
            "id": "rtb-0c3650361c12e9409",
            "owner_id": "047590809543",
            "propagating_vgws": [],
            "route": [
              {
                "carrier_gateway_id": "",
                "cidr_block": "0.0.0.0/0",
                "core_network_arn": "",
                "destination_prefix_list_id": "",
                "egress_only_gateway_id": "",
                "gateway_id": "igw-0623e0d54569a1168",
                "ipv6_cidr_block": "",
                "local_gateway_id": "",
                "nat_gateway_id": "",
                "network_interface_id": "",
                "transit_gateway_id": "",
                "vpc_endpoint_id": "",
                "vpc_peering_connection_id": ""
              }
            ],
            "tags": {
              "Name": "Public Route Table"
            },
            "tags_all": {
              "Name": "Public Route Table"
            },
            "timeouts": null,
            "vpc_id": "vpc-06efcdd2c28b2dafd"
          },
          "sensitive_attributes": [],
          "private": "eyJlMmJmYjczMC1lY2FhLTExZTYtOGY4OC0zNDM2M2JjN2M0YzAiOnsiY3JlYXRlIjozMDAwMDAwMDAwMDAsImRlbGV0ZSI6MzAwMDAwMDAwMDAwLCJ1cGRhdGUiOjEyMDAwMDAwMDAwMH19",
          "dependencies": [
            "module.vpc.aws_internet_gateway.Internet_Gateway",
            "module.vpc.aws_vpc.MyVPC"
          ]
        }
      ]
    },
    {
      "module": "module.vpc",
      "mode": "managed",
      "type": "aws_route_table_association",
      "name": "Private_Association",
      "provider": "provider[\"registry.terraform.io/hashicorp/aws\"]",
      "instances": [
        {
          "index_key": "0",
          "schema_version": 0,
          "attributes": {
            "gateway_id": "",
            "id": "rtbassoc-0036b92e5050c57dd",
            "route_table_id": "rtb-07350a33e0baf88f2",
            "subnet_id": "subnet-0cbd4adb68763be43",
            "timeouts": null
          },
          "sensitive_attributes": [],
          "private": "eyJlMmJmYjczMC1lY2FhLTExZTYtOGY4OC0zNDM2M2JjN2M0YzAiOnsiY3JlYXRlIjozMDAwMDAwMDAwMDAsImRlbGV0ZSI6MzAwMDAwMDAwMDAwLCJ1cGRhdGUiOjEyMDAwMDAwMDAwMH19",
          "dependencies": [
            "data.aws_availability_zones.Availability_Zones",
            "module.vpc.aws_eip.Elastic_IP",
            "module.vpc.aws_internet_gateway.Internet_Gateway",
            "module.vpc.aws_nat_gateway.NAT_Gateway",
            "module.vpc.aws_route_table.Private_Route_Table",
            "module.vpc.aws_subnet.Private_Subnet",
            "module.vpc.aws_subnet.Public_Subnet",
            "module.vpc.aws_vpc.MyVPC"
          ]
        },
        {
          "index_key": "1",
          "schema_version": 0,
          "attributes": {
            "gateway_id": "",
            "id": "rtbassoc-02dd8b2cb3bbd14a2",
            "route_table_id": "rtb-07350a33e0baf88f2",
            "subnet_id": "subnet-0266e92188179844b",
            "timeouts": null
          },
          "sensitive_attributes": [],
          "private": "eyJlMmJmYjczMC1lY2FhLTExZTYtOGY4OC0zNDM2M2JjN2M0YzAiOnsiY3JlYXRlIjozMDAwMDAwMDAwMDAsImRlbGV0ZSI6MzAwMDAwMDAwMDAwLCJ1cGRhdGUiOjEyMDAwMDAwMDAwMH19",
          "dependencies": [
            "data.aws_availability_zones.Availability_Zones",
            "module.vpc.aws_eip.Elastic_IP",
            "module.vpc.aws_internet_gateway.Internet_Gateway",
            "module.vpc.aws_nat_gateway.NAT_Gateway",
            "module.vpc.aws_route_table.Private_Route_Table",
            "module.vpc.aws_subnet.Private_Subnet",
            "module.vpc.aws_subnet.Public_Subnet",
            "module.vpc.aws_vpc.MyVPC"
          ]
        },
        {
          "index_key": "2",
          "schema_version": 0,
          "attributes": {
            "gateway_id": "",
            "id": "rtbassoc-0ff53b0ba5927a499",
            "route_table_id": "rtb-07350a33e0baf88f2",
            "subnet_id": "subnet-03a73b2dfef3a65d1",
            "timeouts": null
          },
          "sensitive_attributes": [],
          "private": "eyJlMmJmYjczMC1lY2FhLTExZTYtOGY4OC0zNDM2M2JjN2M0YzAiOnsiY3JlYXRlIjozMDAwMDAwMDAwMDAsImRlbGV0ZSI6MzAwMDAwMDAwMDAwLCJ1cGRhdGUiOjEyMDAwMDAwMDAwMH19",
          "dependencies": [
            "data.aws_availability_zones.Availability_Zones",
            "module.vpc.aws_eip.Elastic_IP",
            "module.vpc.aws_internet_gateway.Internet_Gateway",
            "module.vpc.aws_nat_gateway.NAT_Gateway",
            "module.vpc.aws_route_table.Private_Route_Table",
            "module.vpc.aws_subnet.Private_Subnet",
            "module.vpc.aws_subnet.Public_Subnet",
            "module.vpc.aws_vpc.MyVPC"
          ]
        }
      ]
    },
    {
      "module": "module.vpc",
      "mode": "managed",
      "type": "aws_route_table_association",
      "name": "Public_Association",
      "provider": "provider[\"registry.terraform.io/hashicorp/aws\"]",
      "instances": [
        {
          "index_key": "0",
          "schema_version": 0,
          "attributes": {
            "gateway_id": "",
            "id": "rtbassoc-0bec060b2f70b2b44",
            "route_table_id": "rtb-0c3650361c12e9409",
            "subnet_id": "subnet-04d0913a05e165a5a",
            "timeouts": null
          },
          "sensitive_attributes": [],
          "private": "eyJlMmJmYjczMC1lY2FhLTExZTYtOGY4OC0zNDM2M2JjN2M0YzAiOnsiY3JlYXRlIjozMDAwMDAwMDAwMDAsImRlbGV0ZSI6MzAwMDAwMDAwMDAwLCJ1cGRhdGUiOjEyMDAwMDAwMDAwMH19",
          "dependencies": [
            "data.aws_availability_zones.Availability_Zones",
            "module.vpc.aws_internet_gateway.Internet_Gateway",
            "module.vpc.aws_route_table.Public_Route_Table",
            "module.vpc.aws_subnet.Public_Subnet",
            "module.vpc.aws_vpc.MyVPC"
          ]
        },
        {
          "index_key": "1",
          "schema_version": 0,
          "attributes": {
            "gateway_id": "",
            "id": "rtbassoc-09260197ad0dc2062",
            "route_table_id": "rtb-0c3650361c12e9409",
            "subnet_id": "subnet-0ef57b28a519b6e66",
            "timeouts": null
          },
          "sensitive_attributes": [],
          "private": "eyJlMmJmYjczMC1lY2FhLTExZTYtOGY4OC0zNDM2M2JjN2M0YzAiOnsiY3JlYXRlIjozMDAwMDAwMDAwMDAsImRlbGV0ZSI6MzAwMDAwMDAwMDAwLCJ1cGRhdGUiOjEyMDAwMDAwMDAwMH19",
          "dependencies": [
            "data.aws_availability_zones.Availability_Zones",
            "module.vpc.aws_internet_gateway.Internet_Gateway",
            "module.vpc.aws_route_table.Public_Route_Table",
            "module.vpc.aws_subnet.Public_Subnet",
            "module.vpc.aws_vpc.MyVPC"
          ]
        },
        {
          "index_key": "2",
          "schema_version": 0,
          "attributes": {
            "gateway_id": "",
            "id": "rtbassoc-05af8f2fe270f72d5",
            "route_table_id": "rtb-0c3650361c12e9409",
            "subnet_id": "subnet-0eeb012af84d9a823",
            "timeouts": null
          },
          "sensitive_attributes": [],
          "private": "eyJlMmJmYjczMC1lY2FhLTExZTYtOGY4OC0zNDM2M2JjN2M0YzAiOnsiY3JlYXRlIjozMDAwMDAwMDAwMDAsImRlbGV0ZSI6MzAwMDAwMDAwMDAwLCJ1cGRhdGUiOjEyMDAwMDAwMDAwMH19",
          "dependencies": [
            "data.aws_availability_zones.Availability_Zones",
            "module.vpc.aws_internet_gateway.Internet_Gateway",
            "module.vpc.aws_route_table.Public_Route_Table",
            "module.vpc.aws_subnet.Public_Subnet",
            "module.vpc.aws_vpc.MyVPC"
          ]
        }
      ]
    },
    {
      "module": "module.vpc",
      "mode": "managed",
      "type": "aws_security_group",
      "name": "Private_Security_Group",
      "provider": "provider[\"registry.terraform.io/hashicorp/aws\"]",
      "instances": [
        {
          "schema_version": 1,
          "attributes": {
            "arn": "arn:aws:ec2:ap-southeast-1:047590809543:security-group/sg-018e156f83c8c8239",
            "description": "Private Security Group",
            "egress": [
              {
                "cidr_blocks": [
                  "0.0.0.0/0"
                ],
                "description": "Allow all outgoing traffics",
                "from_port": 0,
                "ipv6_cidr_blocks": [
                  "::/0"
                ],
                "prefix_list_ids": [],
                "protocol": "-1",
                "security_groups": [],
                "self": false,
                "to_port": 0
              }
            ],
            "id": "sg-018e156f83c8c8239",
            "ingress": [
              {
                "cidr_blocks": [],
                "description": "SSH",
                "from_port": 22,
                "ipv6_cidr_blocks": [],
                "prefix_list_ids": [],
                "protocol": "tcp",
                "security_groups": [
                  "sg-08afd1ea5850b8b73"
                ],
                "self": false,
                "to_port": 22
              }
            ],
            "name": "Private Security Group",
            "name_prefix": "",
            "owner_id": "047590809543",
            "revoke_rules_on_delete": false,
            "tags": {
              "Name": "Private Security Group"
            },
            "tags_all": {
              "Name": "Private Security Group"
            },
            "timeouts": null,
            "vpc_id": "vpc-06efcdd2c28b2dafd"
          },
          "sensitive_attributes": [],
          "private": "eyJlMmJmYjczMC1lY2FhLTExZTYtOGY4OC0zNDM2M2JjN2M0YzAiOnsiY3JlYXRlIjo2MDAwMDAwMDAwMDAsImRlbGV0ZSI6OTAwMDAwMDAwMDAwfSwic2NoZW1hX3ZlcnNpb24iOiIxIn0=",
          "dependencies": [
            "module.vpc.aws_security_group.Public_Security_Group",
            "module.vpc.aws_vpc.MyVPC"
          ]
        }
      ]
    },
    {
      "module": "module.vpc",
      "mode": "managed",
      "type": "aws_security_group",
      "name": "Public_Security_Group",
      "provider": "provider[\"registry.terraform.io/hashicorp/aws\"]",
      "instances": [
        {
          "schema_version": 1,
          "attributes": {
            "arn": "arn:aws:ec2:ap-southeast-1:047590809543:security-group/sg-08afd1ea5850b8b73",
            "description": "Public Security Group",
            "egress": [
              {
                "cidr_blocks": [
                  "0.0.0.0/0"
                ],
                "description": "Allow all outgoing traffics",
                "from_port": 0,
                "ipv6_cidr_blocks": [
                  "::/0"
                ],
                "prefix_list_ids": [],
                "protocol": "-1",
                "security_groups": [],
                "self": false,
                "to_port": 0
              }
            ],
            "id": "sg-08afd1ea5850b8b73",
            "ingress": [
              {
                "cidr_blocks": [
                  "0.0.0.0/0"
                ],
                "description": "HTTP",
                "from_port": 80,
                "ipv6_cidr_blocks": [],
                "prefix_list_ids": [],
                "protocol": "tcp",
                "security_groups": [],
                "self": false,
                "to_port": 80
              },
              {
                "cidr_blocks": [
                  "0.0.0.0/0"
                ],
                "description": "HTTPS",
                "from_port": 443,
                "ipv6_cidr_blocks": [],
                "prefix_list_ids": [],
                "protocol": "tcp",
                "security_groups": [],
                "self": false,
                "to_port": 443
              },
              {
                "cidr_blocks": [
                  "171.240.29.100/32"
                ],
                "description": "SSH",
                "from_port": 22,
                "ipv6_cidr_blocks": [],
                "prefix_list_ids": [],
                "protocol": "tcp",
                "security_groups": [],
                "self": false,
                "to_port": 22
              }
            ],
            "name": "Public Security Group",
            "name_prefix": "",
            "owner_id": "047590809543",
            "revoke_rules_on_delete": false,
            "tags": {
              "Name": "Public Security Group"
            },
            "tags_all": {
              "Name": "Public Security Group"
            },
            "timeouts": null,
            "vpc_id": "vpc-06efcdd2c28b2dafd"
          },
          "sensitive_attributes": [],
          "private": "eyJlMmJmYjczMC1lY2FhLTExZTYtOGY4OC0zNDM2M2JjN2M0YzAiOnsiY3JlYXRlIjo2MDAwMDAwMDAwMDAsImRlbGV0ZSI6OTAwMDAwMDAwMDAwfSwic2NoZW1hX3ZlcnNpb24iOiIxIn0=",
          "dependencies": [
            "module.vpc.aws_vpc.MyVPC"
          ]
        }
      ]
    },
    {
      "module": "module.vpc",
      "mode": "managed",
      "type": "aws_subnet",
      "name": "Private_Subnet",
      "provider": "provider[\"registry.terraform.io/hashicorp/aws\"]",
      "instances": [
        {
          "index_key": 0,
          "schema_version": 1,
          "attributes": {
            "arn": "arn:aws:ec2:ap-southeast-1:047590809543:subnet/subnet-0cbd4adb68763be43",
            "assign_ipv6_address_on_creation": false,
            "availability_zone": "ap-southeast-1a",
            "availability_zone_id": "apse1-az2",
            "cidr_block": "10.0.0.0/20",
            "customer_owned_ipv4_pool": "",
            "enable_dns64": false,
            "enable_lni_at_device_index": 0,
            "enable_resource_name_dns_a_record_on_launch": false,
            "enable_resource_name_dns_aaaa_record_on_launch": false,
            "id": "subnet-0cbd4adb68763be43",
            "ipv6_cidr_block": "",
            "ipv6_cidr_block_association_id": "",
            "ipv6_native": false,
            "map_customer_owned_ip_on_launch": false,
            "map_public_ip_on_launch": false,
            "outpost_arn": "",
            "owner_id": "047590809543",
            "private_dns_hostname_type_on_launch": "ip-name",
            "tags": {
              "Name": "Private Subnet-0"
            },
            "tags_all": {
              "Name": "Private Subnet-0"
            },
            "timeouts": null,
            "vpc_id": "vpc-06efcdd2c28b2dafd"
          },
          "sensitive_attributes": [],
          "private": "eyJlMmJmYjczMC1lY2FhLTExZTYtOGY4OC0zNDM2M2JjN2M0YzAiOnsiY3JlYXRlIjo2MDAwMDAwMDAwMDAsImRlbGV0ZSI6MTIwMDAwMDAwMDAwMH0sInNjaGVtYV92ZXJzaW9uIjoiMSJ9",
          "dependencies": [
            "data.aws_availability_zones.Availability_Zones",
            "module.vpc.aws_vpc.MyVPC"
          ]
        },
        {
          "index_key": 1,
          "schema_version": 1,
          "attributes": {
            "arn": "arn:aws:ec2:ap-southeast-1:047590809543:subnet/subnet-0266e92188179844b",
            "assign_ipv6_address_on_creation": false,
            "availability_zone": "ap-southeast-1b",
            "availability_zone_id": "apse1-az1",
            "cidr_block": "10.0.16.0/20",
            "customer_owned_ipv4_pool": "",
            "enable_dns64": false,
            "enable_lni_at_device_index": 0,
            "enable_resource_name_dns_a_record_on_launch": false,
            "enable_resource_name_dns_aaaa_record_on_launch": false,
            "id": "subnet-0266e92188179844b",
            "ipv6_cidr_block": "",
            "ipv6_cidr_block_association_id": "",
            "ipv6_native": false,
            "map_customer_owned_ip_on_launch": false,
            "map_public_ip_on_launch": false,
            "outpost_arn": "",
            "owner_id": "047590809543",
            "private_dns_hostname_type_on_launch": "ip-name",
            "tags": {
              "Name": "Private Subnet-1"
            },
            "tags_all": {
              "Name": "Private Subnet-1"
            },
            "timeouts": null,
            "vpc_id": "vpc-06efcdd2c28b2dafd"
          },
          "sensitive_attributes": [],
          "private": "eyJlMmJmYjczMC1lY2FhLTExZTYtOGY4OC0zNDM2M2JjN2M0YzAiOnsiY3JlYXRlIjo2MDAwMDAwMDAwMDAsImRlbGV0ZSI6MTIwMDAwMDAwMDAwMH0sInNjaGVtYV92ZXJzaW9uIjoiMSJ9",
          "dependencies": [
            "data.aws_availability_zones.Availability_Zones",
            "module.vpc.aws_vpc.MyVPC"
          ]
        },
        {
          "index_key": 2,
          "schema_version": 1,
          "attributes": {
            "arn": "arn:aws:ec2:ap-southeast-1:047590809543:subnet/subnet-03a73b2dfef3a65d1",
            "assign_ipv6_address_on_creation": false,
            "availability_zone": "ap-southeast-1c",
            "availability_zone_id": "apse1-az3",
            "cidr_block": "10.0.32.0/20",
            "customer_owned_ipv4_pool": "",
            "enable_dns64": false,
            "enable_lni_at_device_index": 0,
            "enable_resource_name_dns_a_record_on_launch": false,
            "enable_resource_name_dns_aaaa_record_on_launch": false,
            "id": "subnet-03a73b2dfef3a65d1",
            "ipv6_cidr_block": "",
            "ipv6_cidr_block_association_id": "",
            "ipv6_native": false,
            "map_customer_owned_ip_on_launch": false,
            "map_public_ip_on_launch": false,
            "outpost_arn": "",
            "owner_id": "047590809543",
            "private_dns_hostname_type_on_launch": "ip-name",
            "tags": {
              "Name": "Private Subnet-2"
            },
            "tags_all": {
              "Name": "Private Subnet-2"
            },
            "timeouts": null,
            "vpc_id": "vpc-06efcdd2c28b2dafd"
          },
          "sensitive_attributes": [],
          "private": "eyJlMmJmYjczMC1lY2FhLTExZTYtOGY4OC0zNDM2M2JjN2M0YzAiOnsiY3JlYXRlIjo2MDAwMDAwMDAwMDAsImRlbGV0ZSI6MTIwMDAwMDAwMDAwMH0sInNjaGVtYV92ZXJzaW9uIjoiMSJ9",
          "dependencies": [
            "data.aws_availability_zones.Availability_Zones",
            "module.vpc.aws_vpc.MyVPC"
          ]
        }
      ]
    },
    {
      "module": "module.vpc",
      "mode": "managed",
      "type": "aws_subnet",
      "name": "Public_Subnet",
      "provider": "provider[\"registry.terraform.io/hashicorp/aws\"]",
      "instances": [
        {
          "index_key": 0,
          "schema_version": 1,
          "attributes": {
            "arn": "arn:aws:ec2:ap-southeast-1:047590809543:subnet/subnet-04d0913a05e165a5a",
            "assign_ipv6_address_on_creation": false,
            "availability_zone": "ap-southeast-1a",
            "availability_zone_id": "apse1-az2",
            "cidr_block": "10.0.48.0/24",
            "customer_owned_ipv4_pool": "",
            "enable_dns64": false,
            "enable_lni_at_device_index": 0,
            "enable_resource_name_dns_a_record_on_launch": false,
            "enable_resource_name_dns_aaaa_record_on_launch": false,
            "id": "subnet-04d0913a05e165a5a",
            "ipv6_cidr_block": "",
            "ipv6_cidr_block_association_id": "",
            "ipv6_native": false,
            "map_customer_owned_ip_on_launch": false,
            "map_public_ip_on_launch": false,
            "outpost_arn": "",
            "owner_id": "047590809543",
            "private_dns_hostname_type_on_launch": "ip-name",
            "tags": {
              "Name": "Public Subnet-0"
            },
            "tags_all": {
              "Name": "Public Subnet-0"
            },
            "timeouts": null,
            "vpc_id": "vpc-06efcdd2c28b2dafd"
          },
          "sensitive_attributes": [],
          "private": "eyJlMmJmYjczMC1lY2FhLTExZTYtOGY4OC0zNDM2M2JjN2M0YzAiOnsiY3JlYXRlIjo2MDAwMDAwMDAwMDAsImRlbGV0ZSI6MTIwMDAwMDAwMDAwMH0sInNjaGVtYV92ZXJzaW9uIjoiMSJ9",
          "dependencies": [
            "data.aws_availability_zones.Availability_Zones",
            "module.vpc.aws_vpc.MyVPC"
          ]
        },
        {
          "index_key": 1,
          "schema_version": 1,
          "attributes": {
            "arn": "arn:aws:ec2:ap-southeast-1:047590809543:subnet/subnet-0ef57b28a519b6e66",
            "assign_ipv6_address_on_creation": false,
            "availability_zone": "ap-southeast-1b",
            "availability_zone_id": "apse1-az1",
            "cidr_block": "10.0.49.0/24",
            "customer_owned_ipv4_pool": "",
            "enable_dns64": false,
            "enable_lni_at_device_index": 0,
            "enable_resource_name_dns_a_record_on_launch": false,
            "enable_resource_name_dns_aaaa_record_on_launch": false,
            "id": "subnet-0ef57b28a519b6e66",
            "ipv6_cidr_block": "",
            "ipv6_cidr_block_association_id": "",
            "ipv6_native": false,
            "map_customer_owned_ip_on_launch": false,
            "map_public_ip_on_launch": false,
            "outpost_arn": "",
            "owner_id": "047590809543",
            "private_dns_hostname_type_on_launch": "ip-name",
            "tags": {
              "Name": "Public Subnet-1"
            },
            "tags_all": {
              "Name": "Public Subnet-1"
            },
            "timeouts": null,
            "vpc_id": "vpc-06efcdd2c28b2dafd"
          },
          "sensitive_attributes": [],
          "private": "eyJlMmJmYjczMC1lY2FhLTExZTYtOGY4OC0zNDM2M2JjN2M0YzAiOnsiY3JlYXRlIjo2MDAwMDAwMDAwMDAsImRlbGV0ZSI6MTIwMDAwMDAwMDAwMH0sInNjaGVtYV92ZXJzaW9uIjoiMSJ9",
          "dependencies": [
            "data.aws_availability_zones.Availability_Zones",
            "module.vpc.aws_vpc.MyVPC"
          ]
        },
        {
          "index_key": 2,
          "schema_version": 1,
          "attributes": {
            "arn": "arn:aws:ec2:ap-southeast-1:047590809543:subnet/subnet-0eeb012af84d9a823",
            "assign_ipv6_address_on_creation": false,
            "availability_zone": "ap-southeast-1c",
            "availability_zone_id": "apse1-az3",
            "cidr_block": "10.0.50.0/24",
            "customer_owned_ipv4_pool": "",
            "enable_dns64": false,
            "enable_lni_at_device_index": 0,
            "enable_resource_name_dns_a_record_on_launch": false,
            "enable_resource_name_dns_aaaa_record_on_launch": false,
            "id": "subnet-0eeb012af84d9a823",
            "ipv6_cidr_block": "",
            "ipv6_cidr_block_association_id": "",
            "ipv6_native": false,
            "map_customer_owned_ip_on_launch": false,
            "map_public_ip_on_launch": false,
            "outpost_arn": "",
            "owner_id": "047590809543",
            "private_dns_hostname_type_on_launch": "ip-name",
            "tags": {
              "Name": "Public Subnet-2"
            },
            "tags_all": {
              "Name": "Public Subnet-2"
            },
            "timeouts": null,
            "vpc_id": "vpc-06efcdd2c28b2dafd"
          },
          "sensitive_attributes": [],
          "private": "eyJlMmJmYjczMC1lY2FhLTExZTYtOGY4OC0zNDM2M2JjN2M0YzAiOnsiY3JlYXRlIjo2MDAwMDAwMDAwMDAsImRlbGV0ZSI6MTIwMDAwMDAwMDAwMH0sInNjaGVtYV92ZXJzaW9uIjoiMSJ9",
          "dependencies": [
            "data.aws_availability_zones.Availability_Zones",
            "module.vpc.aws_vpc.MyVPC"
          ]
        }
      ]
    },
    {
      "module": "module.vpc",
      "mode": "managed",
      "type": "aws_vpc",
      "name": "MyVPC",
      "provider": "provider[\"registry.terraform.io/hashicorp/aws\"]",
      "instances": [
        {
          "schema_version": 1,
          "attributes": {
            "arn": "arn:aws:ec2:ap-southeast-1:047590809543:vpc/vpc-06efcdd2c28b2dafd",
            "assign_generated_ipv6_cidr_block": false,
            "cidr_block": "10.0.0.0/16",
            "default_network_acl_id": "acl-0a867e74b31550a1e",
            "default_route_table_id": "rtb-011919e931221a7d6",
            "default_security_group_id": "sg-07a8e75cdbd8eb052",
            "dhcp_options_id": "dopt-0713d922f5234f1ac",
            "enable_dns_hostnames": true,
            "enable_dns_support": true,
            "enable_network_address_usage_metrics": false,
            "id": "vpc-06efcdd2c28b2dafd",
            "instance_tenancy": "default",
            "ipv4_ipam_pool_id": null,
            "ipv4_netmask_length": null,
            "ipv6_association_id": "",
            "ipv6_cidr_block": "",
            "ipv6_cidr_block_network_border_group": "",
            "ipv6_ipam_pool_id": "",
            "ipv6_netmask_length": 0,
            "main_route_table_id": "rtb-011919e931221a7d6",
            "owner_id": "047590809543",
            "tags": {
              "Name": "My VPC"
            },
            "tags_all": {
              "Name": "My VPC"
            }
          },
          "sensitive_attributes": [],
          "private": "eyJzY2hlbWFfdmVyc2lvbiI6IjEifQ=="
        }
      ]
    }
  ],
  "check_results": [
    {
      "object_kind": "var",
      "config_addr": "var.instance_type",
      "status": "pass",
      "objects": [
        {
          "object_addr": "var.instance_type",
          "status": "pass"
        }
      ]
    },
    {
      "object_kind": "var",
      "config_addr": "module.ec2.var.instance_type",
      "status": "pass",
      "objects": [
        {
          "object_addr": "module.ec2.var.instance_type",
          "status": "pass"
        }
      ]
    }
  ]
}
